
Microsoft Visual Studio Solution File, Format Version 12.00
# Visual Studio Version 16
VisualStudioVersion = 16.0.30523.141
MinimumVisualStudioVersion = 10.0.40219.1
Project("{FAE04EC0-301F-11D3-BF4B-00C04F79EFBC}") = "SentenceAndWordCounter", "SentenceAndWordCounter\SentenceAndWordCounter.csproj", "{678AFB6A-1060-4EC6-9F5C-2239F9AAE2AB}"
EndProject
Global
	GlobalSection(SolutionConfigurationPlatforms) = preSolution
		Debug|Any CPU = Debug|Any CPU
		Release|Any CPU = Release|Any CPU
	EndGlobalSection
	GlobalSection(ProjectConfigurationPlatforms) = postSolution
		{678AFB6A-1060-4EC6-9F5C-2239F9AAE2AB}.Debug|Any CPU.ActiveCfg = Debug|Any CPU
		{678AFB6A-1060-4EC6-9F5C-2239F9AAE2AB}.Debug|Any CPU.Build.0 = Debug|Any CPU
		{678AFB6A-1060-4EC6-9F5C-2239F9AAE2AB}.Release|Any CPU.ActiveCfg = Release|Any CPU
		{678AFB6A-1060-4EC6-9F5C-2239F9AAE2AB}.Release|Any CPU.Build.0 = Release|Any CPU
	EndGlobalSection
	GlobalSection(SolutionProperties) = preSolution
		HideSolutionNode = FALSE
	EndGlobalSection
	GlobalSection(ExtensibilityGlobals) = postSolution
		SolutionGuid = {2DFC1A6F-9518-4189-827D-2FE33985214C}
	EndGlobalSection
EndGlobal
